
Microsoft Visual Studio Solution File, Format Version 12.00
# Visual Studio Version 17
VisualStudioVersion = 17.11.35208.52
MinimumVisualStudioVersion = 10.0.40219.1
Project("{FAE04EC0-301F-11D3-BF4B-00C04F79EFBC}") = "ComputerAverageApp", "ComputerAverageApp\ComputerAverageApp.csproj", "{3880E31A-BBE4-4EA8-B258-239CBFECEA44}"
EndProject
Global
	GlobalSection(SolutionConfigurationPlatforms) = preSolution
		Debug|Any CPU = Debug|Any CPU
		Release|Any CPU = Release|Any CPU
	EndGlobalSection
	GlobalSection(ProjectConfigurationPlatforms) = postSolution
		{3880E31A-BBE4-4EA8-B258-239CBFECEA44}.Debug|Any CPU.ActiveCfg = Debug|Any CPU
		{3880E31A-BBE4-4EA8-B258-239CBFECEA44}.Debug|Any CPU.Build.0 = Debug|Any CPU
		{3880E31A-BBE4-4EA8-B258-239CBFECEA44}.Release|Any CPU.ActiveCfg = Release|Any CPU
		{3880E31A-BBE4-4EA8-B258-239CBFECEA44}.Release|Any CPU.Build.0 = Release|Any CPU
	EndGlobalSection
	GlobalSection(SolutionProperties) = preSolution
		HideSolutionNode = FALSE
	EndGlobalSection
	GlobalSection(ExtensibilityGlobals) = postSolution
		SolutionGuid = {F5768D5D-3246-4788-9242-A67D5EEB3716}
	EndGlobalSection
EndGlobal
